
Microsoft Visual Studio Solution File, Format Version 11.00
# Visual Studio 2010
Project("{FAE04EC0-301F-11D3-BF4B-00C04F79EFBC}") = "Assembly-CSharp", "Assembly-CSharp.csproj", "{05A50989-4D12-1793-C173-0DF3F7271882}"
EndProject
Project("{FAE04EC0-301F-11D3-BF4B-00C04F79EFBC}") = "Assembly-CSharp-firstpass", "Assembly-CSharp-firstpass.csproj", "{AF3696BF-8059-BFC7-6645-E8ABF5036F33}"
EndProject
Global
	GlobalSection(SolutionConfigurationPlatforms) = preSolution
		Debug|Any CPU = Debug|Any CPU
		Release|Any CPU = Release|Any CPU
	EndGlobalSection
	GlobalSection(ProjectConfigurationPlatforms) = postSolution
		{05A50989-4D12-1793-C173-0DF3F7271882}.Debug|Any CPU.ActiveCfg = Debug|Any CPU
		{05A50989-4D12-1793-C173-0DF3F7271882}.Debug|Any CPU.Build.0 = Debug|Any CPU
		{05A50989-4D12-1793-C173-0DF3F7271882}.Release|Any CPU.ActiveCfg = Release|Any CPU
		{05A50989-4D12-1793-C173-0DF3F7271882}.Release|Any CPU.Build.0 = Release|Any CPU
		{AF3696BF-8059-BFC7-6645-E8ABF5036F33}.Debug|Any CPU.ActiveCfg = Debug|Any CPU
		{AF3696BF-8059-BFC7-6645-E8ABF5036F33}.Debug|Any CPU.Build.0 = Debug|Any CPU
		{AF3696BF-8059-BFC7-6645-E8ABF5036F33}.Release|Any CPU.ActiveCfg = Release|Any CPU
		{AF3696BF-8059-BFC7-6645-E8ABF5036F33}.Release|Any CPU.Build.0 = Release|Any CPU
	EndGlobalSection
	GlobalSection(SolutionProperties) = preSolution
		HideSolutionNode = FALSE
	EndGlobalSection
EndGlobal
